
Microsoft Visual Studio Solution File, Format Version 12.00
# Visual Studio Version 17
VisualStudioVersion = 17.14.36429.23
MinimumVisualStudioVersion = 10.0.40219.1
Project("{FAE04EC0-301F-11D3-BF4B-00C04F79EFBC}") = "Wema_Analytics", "Wema_Analytics\Wema_Analytics\Wema_Analytics.csproj", "{88DF0DAF-0C8D-5606-CEDA-8CB8E43CAD53}"
EndProject
Project("{FAE04EC0-301F-11D3-BF4B-00C04F79EFBC}") = "KpiWorker", "KpiWorker\KpiWorker\KpiWorker.csproj", "{9B904C18-B7CC-790C-8DCB-1DBDCA3D9682}"
EndProject
Project("{2150E333-8FDC-42A3-9474-1A3956D46DE8}") = "Solution Items", "Solution Items", "{8EC462FD-D22E-90A8-E5CE-7E832BA40C5D}"
	ProjectSection(SolutionItems) = preProject
		.gitignore = .gitignore
	EndProjectSection
EndProject
Global
	GlobalSection(SolutionConfigurationPlatforms) = preSolution
		Debug|Any CPU = Debug|Any CPU
		Release|Any CPU = Release|Any CPU
	EndGlobalSection
	GlobalSection(ProjectConfigurationPlatforms) = postSolution
		{88DF0DAF-0C8D-5606-CEDA-8CB8E43CAD53}.Debug|Any CPU.ActiveCfg = Debug|Any CPU
		{88DF0DAF-0C8D-5606-CEDA-8CB8E43CAD53}.Debug|Any CPU.Build.0 = Debug|Any CPU
		{88DF0DAF-0C8D-5606-CEDA-8CB8E43CAD53}.Release|Any CPU.ActiveCfg = Release|Any CPU
		{88DF0DAF-0C8D-5606-CEDA-8CB8E43CAD53}.Release|Any CPU.Build.0 = Release|Any CPU
		{9B904C18-B7CC-790C-8DCB-1DBDCA3D9682}.Debug|Any CPU.ActiveCfg = Debug|Any CPU
		{9B904C18-B7CC-790C-8DCB-1DBDCA3D9682}.Debug|Any CPU.Build.0 = Debug|Any CPU
		{9B904C18-B7CC-790C-8DCB-1DBDCA3D9682}.Release|Any CPU.ActiveCfg = Release|Any CPU
		{9B904C18-B7CC-790C-8DCB-1DBDCA3D9682}.Release|Any CPU.Build.0 = Release|Any CPU
	EndGlobalSection
	GlobalSection(SolutionProperties) = preSolution
		HideSolutionNode = FALSE
	EndGlobalSection
	GlobalSection(ExtensibilityGlobals) = postSolution
		SolutionGuid = {FEC57739-FA42-4F1F-8D23-5B06D72EC031}
	EndGlobalSection
EndGlobal
